
Microsoft Visual Studio Solution File, Format Version 11.00
# Visual Studio 2010
Project("{FAE04EC0-301F-11D3-BF4B-00C04F79EFBC}") = "Assembly-CSharp", "Assembly-CSharp.csproj", "{5af59540-20a9-280e-5a84-0152a75f8444}"
EndProject
Project("{FAE04EC0-301F-11D3-BF4B-00C04F79EFBC}") = "Assembly-CSharp-firstpass", "Assembly-CSharp-firstpass.csproj", "{1603fcd2-fb3e-5718-c531-b4e0dc1f5051}"
EndProject
Project("{FAE04EC0-301F-11D3-BF4B-00C04F79EFBC}") = "Assembly-CSharp-Editor-firstpass", "Assembly-CSharp-Editor-firstpass.csproj", "{541a611d-b27e-38be-b619-3aeb99132bdf}"
EndProject
Global
	GlobalSection(SolutionConfigurationPlatforms) = preSolution
		Debug|Any CPU = Debug|Any CPU
	EndGlobalSection
	GlobalSection(ProjectConfigurationPlatforms) = postSolution
		{5af59540-20a9-280e-5a84-0152a75f8444}.Debug|Any CPU.ActiveCfg = Debug|Any CPU
		{5af59540-20a9-280e-5a84-0152a75f8444}.Debug|Any CPU.Build.0 = Debug|Any CPU
		{1603fcd2-fb3e-5718-c531-b4e0dc1f5051}.Debug|Any CPU.ActiveCfg = Debug|Any CPU
		{1603fcd2-fb3e-5718-c531-b4e0dc1f5051}.Debug|Any CPU.Build.0 = Debug|Any CPU
		{541a611d-b27e-38be-b619-3aeb99132bdf}.Debug|Any CPU.ActiveCfg = Debug|Any CPU
		{541a611d-b27e-38be-b619-3aeb99132bdf}.Debug|Any CPU.Build.0 = Debug|Any CPU
	EndGlobalSection
	GlobalSection(SolutionProperties) = preSolution
		HideSolutionNode = FALSE
	EndGlobalSection
EndGlobal
